
Microsoft Visual Studio Solution File, Format Version 12.00
# Visual Studio Version 16
VisualStudioVersion = 16.0.29512.175
MinimumVisualStudioVersion = 10.0.40219.1
Project("{9A19103F-16F7-4668-BE54-9A1E7A4F7556}") = "AutoBlazor", "AutoBlazor\AutoBlazor.csproj", "{A035D8BA-0CFB-4BE9-8DC5-F570A29C696A}"
EndProject
Project("{9A19103F-16F7-4668-BE54-9A1E7A4F7556}") = "SharedBlazor", "SharedBlazor\SharedBlazor.csproj", "{1263F9FF-3E50-4B69-817F-E9037184884A}"
EndProject
Project("{9A19103F-16F7-4668-BE54-9A1E7A4F7556}") = "BlazorServer", "BlazorServer\BlazorServer.csproj", "{9AE26924-8C5D-4978-B7CF-AC7B5B306510}"
EndProject
Project("{FAE04EC0-301F-11D3-BF4B-00C04F79EFBC}") = "BlazorService", "BlazorService\BlazorService.csproj", "{5B9C4166-AB6B-4CEB-9565-F1A4CDAC9DC3}"
EndProject
Global
	GlobalSection(SolutionConfigurationPlatforms) = preSolution
		Debug|Any CPU = Debug|Any CPU
		Release|Any CPU = Release|Any CPU
	EndGlobalSection
	GlobalSection(ProjectConfigurationPlatforms) = postSolution
		{A035D8BA-0CFB-4BE9-8DC5-F570A29C696A}.Debug|Any CPU.ActiveCfg = Debug|Any CPU
		{A035D8BA-0CFB-4BE9-8DC5-F570A29C696A}.Debug|Any CPU.Build.0 = Debug|Any CPU
		{A035D8BA-0CFB-4BE9-8DC5-F570A29C696A}.Release|Any CPU.ActiveCfg = Release|Any CPU
		{A035D8BA-0CFB-4BE9-8DC5-F570A29C696A}.Release|Any CPU.Build.0 = Release|Any CPU
		{1263F9FF-3E50-4B69-817F-E9037184884A}.Debug|Any CPU.ActiveCfg = Debug|Any CPU
		{1263F9FF-3E50-4B69-817F-E9037184884A}.Debug|Any CPU.Build.0 = Debug|Any CPU
		{1263F9FF-3E50-4B69-817F-E9037184884A}.Release|Any CPU.ActiveCfg = Release|Any CPU
		{1263F9FF-3E50-4B69-817F-E9037184884A}.Release|Any CPU.Build.0 = Release|Any CPU
		{9AE26924-8C5D-4978-B7CF-AC7B5B306510}.Debug|Any CPU.ActiveCfg = Debug|Any CPU
		{9AE26924-8C5D-4978-B7CF-AC7B5B306510}.Debug|Any CPU.Build.0 = Debug|Any CPU
		{9AE26924-8C5D-4978-B7CF-AC7B5B306510}.Release|Any CPU.ActiveCfg = Release|Any CPU
		{9AE26924-8C5D-4978-B7CF-AC7B5B306510}.Release|Any CPU.Build.0 = Release|Any CPU
		{5B9C4166-AB6B-4CEB-9565-F1A4CDAC9DC3}.Debug|Any CPU.ActiveCfg = Debug|Any CPU
		{5B9C4166-AB6B-4CEB-9565-F1A4CDAC9DC3}.Debug|Any CPU.Build.0 = Debug|Any CPU
		{5B9C4166-AB6B-4CEB-9565-F1A4CDAC9DC3}.Release|Any CPU.ActiveCfg = Release|Any CPU
		{5B9C4166-AB6B-4CEB-9565-F1A4CDAC9DC3}.Release|Any CPU.Build.0 = Release|Any CPU
	EndGlobalSection
	GlobalSection(SolutionProperties) = preSolution
		HideSolutionNode = FALSE
	EndGlobalSection
	GlobalSection(ExtensibilityGlobals) = postSolution
		SolutionGuid = {CDAD2D10-2B11-457C-8824-2BA46EF6B6FF}
	EndGlobalSection
EndGlobal
